
Microsoft Visual Studio Solution File, Format Version 12.00
# Visual Studio Version 16
VisualStudioVersion = 16.0.33529.622
MinimumVisualStudioVersion = 10.0.40219.1
Project("{FAE04EC0-301F-11D3-BF4B-00C04F79EFBC}") = "WindowsFormsApp8", "WindowsFormsApp8\WindowsFormsApp8.csproj", "{E4D23A8C-CD74-4BEF-894D-D704F4E0A258}"
EndProject
Global
	GlobalSection(SolutionConfigurationPlatforms) = preSolution
		Debug|Any CPU = Debug|Any CPU
		Release|Any CPU = Release|Any CPU
	EndGlobalSection
	GlobalSection(ProjectConfigurationPlatforms) = postSolution
		{E4D23A8C-CD74-4BEF-894D-D704F4E0A258}.Debug|Any CPU.ActiveCfg = Debug|Any CPU
		{E4D23A8C-CD74-4BEF-894D-D704F4E0A258}.Debug|Any CPU.Build.0 = Debug|Any CPU
		{E4D23A8C-CD74-4BEF-894D-D704F4E0A258}.Release|Any CPU.ActiveCfg = Release|Any CPU
		{E4D23A8C-CD74-4BEF-894D-D704F4E0A258}.Release|Any CPU.Build.0 = Release|Any CPU
	EndGlobalSection
	GlobalSection(SolutionProperties) = preSolution
		HideSolutionNode = FALSE
	EndGlobalSection
	GlobalSection(ExtensibilityGlobals) = postSolution
		SolutionGuid = {9A6D14EF-81E6-4A7A-B776-4224810E6E9E}
	EndGlobalSection
EndGlobal
